
Microsoft Visual Studio Solution File, Format Version 12.00
# Visual Studio 15
VisualStudioVersion = 15.0.27130.2036
MinimumVisualStudioVersion = 10.0.40219.1
Project("{FAE04EC0-301F-11D3-BF4B-00C04F79EFBC}") = "WindowsFormsApp2", "WindowsFormsApp2\WindowsFormsApp2.csproj", "{04170CB7-24CB-409B-B06B-6390B8FDDAED}"
EndProject
Global
	GlobalSection(SolutionConfigurationPlatforms) = preSolution
		Debug|Any CPU = Debug|Any CPU
		Release|Any CPU = Release|Any CPU
	EndGlobalSection
	GlobalSection(ProjectConfigurationPlatforms) = postSolution
		{04170CB7-24CB-409B-B06B-6390B8FDDAED}.Debug|Any CPU.ActiveCfg = Debug|Any CPU
		{04170CB7-24CB-409B-B06B-6390B8FDDAED}.Debug|Any CPU.Build.0 = Debug|Any CPU
		{04170CB7-24CB-409B-B06B-6390B8FDDAED}.Release|Any CPU.ActiveCfg = Release|Any CPU
		{04170CB7-24CB-409B-B06B-6390B8FDDAED}.Release|Any CPU.Build.0 = Release|Any CPU
	EndGlobalSection
	GlobalSection(SolutionProperties) = preSolution
		HideSolutionNode = FALSE
	EndGlobalSection
	GlobalSection(ExtensibilityGlobals) = postSolution
		SolutionGuid = {AEBC9EBB-2231-4181-BB3D-803AC545D155}
	EndGlobalSection
EndGlobal
